
Microsoft Visual Studio Solution File, Format Version 12.00
# Visual Studio Version 17
VisualStudioVersion = 17.7.33920.267
MinimumVisualStudioVersion = 10.0.40219.1
Project("{FAE04EC0-301F-11D3-BF4B-00C04F79EFBC}") = "BluePenguin.Catalogue.AzureFunction", "BluePenguin.Catalogue.AzureFunction.csproj", "{FD308509-EA6E-4186-B16F-D64342165DBC}"
EndProject
Global
	GlobalSection(SolutionConfigurationPlatforms) = preSolution
		Debug|Any CPU = Debug|Any CPU
		Release|Any CPU = Release|Any CPU
	EndGlobalSection
	GlobalSection(ProjectConfigurationPlatforms) = postSolution
		{FD308509-EA6E-4186-B16F-D64342165DBC}.Debug|Any CPU.ActiveCfg = Debug|Any CPU
		{FD308509-EA6E-4186-B16F-D64342165DBC}.Debug|Any CPU.Build.0 = Debug|Any CPU
		{FD308509-EA6E-4186-B16F-D64342165DBC}.Release|Any CPU.ActiveCfg = Release|Any CPU
		{FD308509-EA6E-4186-B16F-D64342165DBC}.Release|Any CPU.Build.0 = Release|Any CPU
	EndGlobalSection
	GlobalSection(SolutionProperties) = preSolution
		HideSolutionNode = FALSE
	EndGlobalSection
	GlobalSection(ExtensibilityGlobals) = postSolution
		SolutionGuid = {603D6186-B2E8-4B3E-A7E2-DE3B65BCCA2D}
	EndGlobalSection
EndGlobal
