
Microsoft Visual Studio Solution File, Format Version 12.00
# Visual Studio Version 17
VisualStudioVersion = 17.7.33927.210
MinimumVisualStudioVersion = 10.0.40219.1
Project("{FAE04EC0-301F-11D3-BF4B-00C04F79EFBC}") = "BluePenguin.Catalogue.WebApi", "BluePenguin.Catalogue.WebApi.csproj", "{405CBB99-4553-41BC-94A4-6E71EE5F53F8}"
EndProject
Global
	GlobalSection(SolutionConfigurationPlatforms) = preSolution
		Debug|Any CPU = Debug|Any CPU
		Release|Any CPU = Release|Any CPU
	EndGlobalSection
	GlobalSection(ProjectConfigurationPlatforms) = postSolution
		{405CBB99-4553-41BC-94A4-6E71EE5F53F8}.Debug|Any CPU.ActiveCfg = Debug|Any CPU
		{405CBB99-4553-41BC-94A4-6E71EE5F53F8}.Debug|Any CPU.Build.0 = Debug|Any CPU
		{405CBB99-4553-41BC-94A4-6E71EE5F53F8}.Release|Any CPU.ActiveCfg = Release|Any CPU
		{405CBB99-4553-41BC-94A4-6E71EE5F53F8}.Release|Any CPU.Build.0 = Release|Any CPU
	EndGlobalSection
	GlobalSection(SolutionProperties) = preSolution
		HideSolutionNode = FALSE
	EndGlobalSection
	GlobalSection(ExtensibilityGlobals) = postSolution
		SolutionGuid = {91666E5F-F345-4019-BADD-49D2514A2C39}
	EndGlobalSection
EndGlobal
